// !$*UTF8*$!
{
	archiveVersion = 1;
	classes = {
	};
	objectVersion = 46;
	objects = {

/* Begin PBXBuildFile section */
		720721E51DC7C7E2005B3749 /* cdvideo.mp4 in Resources */ = {isa = PBXBuildFile; fileRef = 720721E41DC7C7E2005B3749 /* cdvideo.mp4 */; };
		720EA0661DD4C01200D7E894 /* PPKit_vp_loading_0@3x.png in Resources */ = {isa = PBXBuildFile; fileRef = 720EA0431DD4C01200D7E894 /* PPKit_vp_loading_0@3x.png */; };
		720EA0671DD4C01200D7E894 /* PPKit_vp_loading_1@3x.png in Resources */ = {isa = PBXBuildFile; fileRef = 720EA0441DD4C01200D7E894 /* PPKit_vp_loading_1@3x.png */; };
		720EA0681DD4C01200D7E894 /* PPKit_vp_loading_2@3x.png in Resources */ = {isa = PBXBuildFile; fileRef = 720EA0451DD4C01200D7E894 /* PPKit_vp_loading_2@3x.png */; };
		720EA0691DD4C01200D7E894 /* PPKit_vp_loading_3@3x.png in Resources */ = {isa = PBXBuildFile; fileRef = 720EA0461DD4C01200D7E894 /* PPKit_vp_loading_3@3x.png */; };
		720EA06A1DD4C01200D7E894 /* PPKit_vp_loading_4@3x.png in Resources */ = {isa = PBXBuildFile; fileRef = 720EA0471DD4C01200D7E894 /* PPKit_vp_loading_4@3x.png */; };
		720EA06B1DD4C01200D7E894 /* PPKit_vp_loading_5@3x.png in Resources */ = {isa = PBXBuildFile; fileRef = 720EA0481DD4C01200D7E894 /* PPKit_vp_loading_5@3x.png */; };
		720EA06C1DD4C01200D7E894 /* PPKit_vp_loading_6@3x.png in Resources */ = {isa = PBXBuildFile; fileRef = 720EA0491DD4C01200D7E894 /* PPKit_vp_loading_6@3x.png */; };
		720EA06D1DD4C01200D7E894 /* PPKit_vp_loading_7@3x.png in Resources */ = {isa = PBXBuildFile; fileRef = 720EA04A1DD4C01200D7E894 /* PPKit_vp_loading_7@3x.png */; };
		720EA06E1DD4C01300D7E894 /* PPKit_vp_loading_8@3x.png in Resources */ = {isa = PBXBuildFile; fileRef = 720EA04B1DD4C01200D7E894 /* PPKit_vp_loading_8@3x.png */; };
		720EA06F1DD4C01300D7E894 /* PPKit_vp_back@2x.png in Resources */ = {isa = PBXBuildFile; fileRef = 720EA04C1DD4C01200D7E894 /* PPKit_vp_back@2x.png */; };
		720EA0701DD4C01300D7E894 /* PPKit_vp_download@2x.png in Resources */ = {isa = PBXBuildFile; fileRef = 720EA04D1DD4C01200D7E894 /* PPKit_vp_download@2x.png */; };
		720EA0711DD4C01300D7E894 /* PPKit_vp_fastforward@2x.png in Resources */ = {isa = PBXBuildFile; fileRef = 720EA04E1DD4C01200D7E894 /* PPKit_vp_fastforward@2x.png */; };
		720EA0721DD4C01300D7E894 /* PPKit_vp_favorite_empty@2x.png in Resources */ = {isa = PBXBuildFile; fileRef = 720EA04F1DD4C01200D7E894 /* PPKit_vp_favorite_empty@2x.png */; };
		720EA0731DD4C01300D7E894 /* PPKit_vp_favorite_solid@2x.png in Resources */ = {isa = PBXBuildFile; fileRef = 720EA0501DD4C01200D7E894 /* PPKit_vp_favorite_solid@2x.png */; };
		720EA0741DD4C01300D7E894 /* PPKit_vp_fullscreen@2x.png in Resources */ = {isa = PBXBuildFile; fileRef = 720EA0511DD4C01200D7E894 /* PPKit_vp_fullscreen@2x.png */; };
		720EA0751DD4C01300D7E894 /* PPKit_vp_list@2x.png in Resources */ = {isa = PBXBuildFile; fileRef = 720EA0521DD4C01200D7E894 /* PPKit_vp_list@2x.png */; };
		720EA0761DD4C01300D7E894 /* PPKit_vp_logo@3x.png in Resources */ = {isa = PBXBuildFile; fileRef = 720EA0531DD4C01200D7E894 /* PPKit_vp_logo@3x.png */; };
		720EA0771DD4C01300D7E894 /* PPKit_vp_more@2x.png in Resources */ = {isa = PBXBuildFile; fileRef = 720EA0541DD4C01200D7E894 /* PPKit_vp_more@2x.png */; };
		720EA0781DD4C01300D7E894 /* PPKit_vp_netfailed@3x.png in Resources */ = {isa = PBXBuildFile; fileRef = 720EA0551DD4C01200D7E894 /* PPKit_vp_netfailed@3x.png */; };
		720EA0791DD4C01300D7E894 /* PPKit_vp_netstalled@3x.png in Resources */ = {isa = PBXBuildFile; fileRef = 720EA0561DD4C01200D7E894 /* PPKit_vp_netstalled@3x.png */; };
		720EA07A1DD4C01300D7E894 /* PPKit_vp_next@2x.png in Resources */ = {isa = PBXBuildFile; fileRef = 720EA0571DD4C01200D7E894 /* PPKit_vp_next@2x.png */; };
		720EA07B1DD4C01300D7E894 /* PPKit_vp_pause2@3x.png in Resources */ = {isa = PBXBuildFile; fileRef = 720EA0581DD4C01200D7E894 /* PPKit_vp_pause2@3x.png */; };
		720EA07C1DD4C01300D7E894 /* PPKit_vp_pause@2x.png in Resources */ = {isa = PBXBuildFile; fileRef = 720EA0591DD4C01200D7E894 /* PPKit_vp_pause@2x.png */; };
		720EA07D1DD4C01300D7E894 /* PPKit_vp_pause_big@2x.png in Resources */ = {isa = PBXBuildFile; fileRef = 720EA05A1DD4C01200D7E894 /* PPKit_vp_pause_big@2x.png */; };
		720EA07E1DD4C01300D7E894 /* PPKit_vp_play2@3x.png in Resources */ = {isa = PBXBuildFile; fileRef = 720EA05B1DD4C01200D7E894 /* PPKit_vp_play2@3x.png */; };
		720EA07F1DD4C01300D7E894 /* PPKit_vp_play@2x.png in Resources */ = {isa = PBXBuildFile; fileRef = 720EA05C1DD4C01200D7E894 /* PPKit_vp_play@2x.png */; };
		720EA0801DD4C01300D7E894 /* PPKit_vp_play_big@2x.png in Resources */ = {isa = PBXBuildFile; fileRef = 720EA05D1DD4C01200D7E894 /* PPKit_vp_play_big@2x.png */; };
		720EA0811DD4C01300D7E894 /* PPKit_vp_previous@2x.png in Resources */ = {isa = PBXBuildFile; fileRef = 720EA05E1DD4C01200D7E894 /* PPKit_vp_previous@2x.png */; };
		720EA0821DD4C01300D7E894 /* PPKit_vp_replay@2x.png in Resources */ = {isa = PBXBuildFile; fileRef = 720EA05F1DD4C01200D7E894 /* PPKit_vp_replay@2x.png */; };
		720EA0831DD4C01300D7E894 /* PPKit_vp_rewind@2x.png in Resources */ = {isa = PBXBuildFile; fileRef = 720EA0601DD4C01200D7E894 /* PPKit_vp_rewind@2x.png */; };
		720EA0841DD4C01300D7E894 /* PPKit_vp_share@2x.png in Resources */ = {isa = PBXBuildFile; fileRef = 720EA0611DD4C01200D7E894 /* PPKit_vp_share@2x.png */; };
		720EA0851DD4C01300D7E894 /* PPKit_vp_slider2@2x.png in Resources */ = {isa = PBXBuildFile; fileRef = 720EA0621DD4C01200D7E894 /* PPKit_vp_slider2@2x.png */; };
		720EA0861DD4C01300D7E894 /* PPKit_vp_slider@2x.png in Resources */ = {isa = PBXBuildFile; fileRef = 720EA0631DD4C01200D7E894 /* PPKit_vp_slider@2x.png */; };
		720EA0871DD4C01300D7E894 /* PPKit_vp_smallscreen@2x.png in Resources */ = {isa = PBXBuildFile; fileRef = 720EA0641DD4C01200D7E894 /* PPKit_vp_smallscreen@2x.png */; };
		720EA0881DD4C01300D7E894 /* PPKit_vp_toTV@2x.png in Resources */ = {isa = PBXBuildFile; fileRef = 720EA0651DD4C01200D7E894 /* PPKit_vp_toTV@2x.png */; };
		7218CFC21DC0C4210020FE5E /* main.m in Sources */ = {isa = PBXBuildFile; fileRef = 7218CFC11DC0C4210020FE5E /* main.m */; };
		7218CFC51DC0C4210020FE5E /* AppDelegate.m in Sources */ = {isa = PBXBuildFile; fileRef = 7218CFC41DC0C4210020FE5E /* AppDelegate.m */; };
		7218CFC81DC0C4210020FE5E /* ViewController.m in Sources */ = {isa = PBXBuildFile; fileRef = 7218CFC71DC0C4210020FE5E /* ViewController.m */; };
		7218CFCB1DC0C4210020FE5E /* Main.storyboard in Resources */ = {isa = PBXBuildFile; fileRef = 7218CFC91DC0C4210020FE5E /* Main.storyboard */; };
		7218CFCD1DC0C4210020FE5E /* Assets.xcassets in Resources */ = {isa = PBXBuildFile; fileRef = 7218CFCC1DC0C4210020FE5E /* Assets.xcassets */; };
		7218CFD01DC0C4210020FE5E /* LaunchScreen.storyboard in Resources */ = {isa = PBXBuildFile; fileRef = 7218CFCE1DC0C4210020FE5E /* LaunchScreen.storyboard */; };
		7218CFDD1DC0E7DF0020FE5E /* AVPlayerVC1.m in Sources */ = {isa = PBXBuildFile; fileRef = 7218CFDC1DC0E7DF0020FE5E /* AVPlayerVC1.m */; };
		7218CFE01DC0E8E50020FE5E /* AVPlayerVC2.m in Sources */ = {isa = PBXBuildFile; fileRef = 7218CFDF1DC0E8E50020FE5E /* AVPlayerVC2.m */; };
		7218CFE71DC18F0B0020FE5E /* PPMoviePlayerView.m in Sources */ = {isa = PBXBuildFile; fileRef = 7218CFE61DC18F0B0020FE5E /* PPMoviePlayerView.m */; };
/* End PBXBuildFile section */

/* Begin PBXFileReference section */
		720721E41DC7C7E2005B3749 /* cdvideo.mp4 */ = {isa = PBXFileReference; lastKnownFileType = file; path = cdvideo.mp4; sourceTree = "<group>"; };
		720EA0431DD4C01200D7E894 /* PPKit_vp_loading_0@3x.png */ = {isa = PBXFileReference; lastKnownFileType = image.png; path = "PPKit_vp_loading_0@3x.png"; sourceTree = "<group>"; };
		720EA0441DD4C01200D7E894 /* PPKit_vp_loading_1@3x.png */ = {isa = PBXFileReference; lastKnownFileType = image.png; path = "PPKit_vp_loading_1@3x.png"; sourceTree = "<group>"; };
		720EA0451DD4C01200D7E894 /* PPKit_vp_loading_2@3x.png */ = {isa = PBXFileReference; lastKnownFileType = image.png; path = "PPKit_vp_loading_2@3x.png"; sourceTree = "<group>"; };
		720EA0461DD4C01200D7E894 /* PPKit_vp_loading_3@3x.png */ = {isa = PBXFileReference; lastKnownFileType = image.png; path = "PPKit_vp_loading_3@3x.png"; sourceTree = "<group>"; };
		720EA0471DD4C01200D7E894 /* PPKit_vp_loading_4@3x.png */ = {isa = PBXFileReference; lastKnownFileType = image.png; path = "PPKit_vp_loading_4@3x.png"; sourceTree = "<group>"; };
		720EA0481DD4C01200D7E894 /* PPKit_vp_loading_5@3x.png */ = {isa = PBXFileReference; lastKnownFileType = image.png; path = "PPKit_vp_loading_5@3x.png"; sourceTree = "<group>"; };
		720EA0491DD4C01200D7E894 /* PPKit_vp_loading_6@3x.png */ = {isa = PBXFileReference; lastKnownFileType = image.png; path = "PPKit_vp_loading_6@3x.png"; sourceTree = "<group>"; };
		720EA04A1DD4C01200D7E894 /* PPKit_vp_loading_7@3x.png */ = {isa = PBXFileReference; lastKnownFileType = image.png; path = "PPKit_vp_loading_7@3x.png"; sourceTree = "<group>"; };
		720EA04B1DD4C01200D7E894 /* PPKit_vp_loading_8@3x.png */ = {isa = PBXFileReference; lastKnownFileType = image.png; path = "PPKit_vp_loading_8@3x.png"; sourceTree = "<group>"; };
		720EA04C1DD4C01200D7E894 /* PPKit_vp_back@2x.png */ = {isa = PBXFileReference; lastKnownFileType = image.png; path = "PPKit_vp_back@2x.png"; sourceTree = "<group>"; };
		720EA04D1DD4C01200D7E894 /* PPKit_vp_download@2x.png */ = {isa = PBXFileReference; lastKnownFileType = image.png; path = "PPKit_vp_download@2x.png"; sourceTree = "<group>"; };
		720EA04E1DD4C01200D7E894 /* PPKit_vp_fastforward@2x.png */ = {isa = PBXFileReference; lastKnownFileType = image.png; path = "PPKit_vp_fastforward@2x.png"; sourceTree = "<group>"; };
		720EA04F1DD4C01200D7E894 /* PPKit_vp_favorite_empty@2x.png */ = {isa = PBXFileReference; lastKnownFileType = image.png; path = "PPKit_vp_favorite_empty@2x.png"; sourceTree = "<group>"; };
		720EA0501DD4C01200D7E894 /* PPKit_vp_favorite_solid@2x.png */ = {isa = PBXFileReference; lastKnownFileType = image.png; path = "PPKit_vp_favorite_solid@2x.png"; sourceTree = "<group>"; };
		720EA0511DD4C01200D7E894 /* PPKit_vp_fullscreen@2x.png */ = {isa = PBXFileReference; lastKnownFileType = image.png; path = "PPKit_vp_fullscreen@2x.png"; sourceTree = "<group>"; };
		720EA0521DD4C01200D7E894 /* PPKit_vp_list@2x.png */ = {isa = PBXFileReference; lastKnownFileType = image.png; path = "PPKit_vp_list@2x.png"; sourceTree = "<group>"; };
		720EA0531DD4C01200D7E894 /* PPKit_vp_logo@3x.png */ = {isa = PBXFileReference; lastKnownFileType = image.png; path = "PPKit_vp_logo@3x.png"; sourceTree = "<group>"; };
		720EA0541DD4C01200D7E894 /* PPKit_vp_more@2x.png */ = {isa = PBXFileReference; lastKnownFileType = image.png; path = "PPKit_vp_more@2x.png"; sourceTree = "<group>"; };
		720EA0551DD4C01200D7E894 /* PPKit_vp_netfailed@3x.png */ = {isa = PBXFileReference; lastKnownFileType = image.png; path = "PPKit_vp_netfailed@3x.png"; sourceTree = "<group>"; };
		720EA0561DD4C01200D7E894 /* PPKit_vp_netstalled@3x.png */ = {isa = PBXFileReference; lastKnownFileType = image.png; path = "PPKit_vp_netstalled@3x.png"; sourceTree = "<group>"; };
		720EA0571DD4C01200D7E894 /* PPKit_vp_next@2x.png */ = {isa = PBXFileReference; lastKnownFileType = image.png; path = "PPKit_vp_next@2x.png"; sourceTree = "<group>"; };
		720EA0581DD4C01200D7E894 /* PPKit_vp_pause2@3x.png */ = {isa = PBXFileReference; lastKnownFileType = image.png; path = "PPKit_vp_pause2@3x.png"; sourceTree = "<group>"; };
		720EA0591DD4C01200D7E894 /* PPKit_vp_pause@2x.png */ = {isa = PBXFileReference; lastKnownFileType = image.png; path = "PPKit_vp_pause@2x.png"; sourceTree = "<group>"; };
		720EA05A1DD4C01200D7E894 /* PPKit_vp_pause_big@2x.png */ = {isa = PBXFileReference; lastKnownFileType = image.png; path = "PPKit_vp_pause_big@2x.png"; sourceTree = "<group>"; };
		720EA05B1DD4C01200D7E894 /* PPKit_vp_play2@3x.png */ = {isa = PBXFileReference; lastKnownFileType = image.png; path = "PPKit_vp_play2@3x.png"; sourceTree = "<group>"; };
		720EA05C1DD4C01200D7E894 /* PPKit_vp_play@2x.png */ = {isa = PBXFileReference; lastKnownFileType = image.png; path = "PPKit_vp_play@2x.png"; sourceTree = "<group>"; };
		720EA05D1DD4C01200D7E894 /* PPKit_vp_play_big@2x.png */ = {isa = PBXFileReference; lastKnownFileType = image.png; path = "PPKit_vp_play_big@2x.png"; sourceTree = "<group>"; };
		720EA05E1DD4C01200D7E894 /* PPKit_vp_previous@2x.png */ = {isa = PBXFileReference; lastKnownFileType = image.png; path = "PPKit_vp_previous@2x.png"; sourceTree = "<group>"; };
		720EA05F1DD4C01200D7E894 /* PPKit_vp_replay@2x.png */ = {isa = PBXFileReference; lastKnownFileType = image.png; path = "PPKit_vp_replay@2x.png"; sourceTree = "<group>"; };
		720EA0601DD4C01200D7E894 /* PPKit_vp_rewind@2x.png */ = {isa = PBXFileReference; lastKnownFileType = image.png; path = "PPKit_vp_rewind@2x.png"; sourceTree = "<group>"; };
		720EA0611DD4C01200D7E894 /* PPKit_vp_share@2x.png */ = {isa = PBXFileReference; lastKnownFileType = image.png; path = "PPKit_vp_share@2x.png"; sourceTree = "<group>"; };
		720EA0621DD4C01200D7E894 /* PPKit_vp_slider2@2x.png */ = {isa = PBXFileReference; lastKnownFileType = image.png; path = "PPKit_vp_slider2@2x.png"; sourceTree = "<group>"; };
		720EA0631DD4C01200D7E894 /* PPKit_vp_slider@2x.png */ = {isa = PBXFileReference; lastKnownFileType = image.png; path = "PPKit_vp_slider@2x.png"; sourceTree = "<group>"; };
		720EA0641DD4C01200D7E894 /* PPKit_vp_smallscreen@2x.png */ = {isa = PBXFileReference; lastKnownFileType = image.png; path = "PPKit_vp_smallscreen@2x.png"; sourceTree = "<group>"; };
		720EA0651DD4C01200D7E894 /* PPKit_vp_toTV@2x.png */ = {isa = PBXFileReference; lastKnownFileType = image.png; path = "PPKit_vp_toTV@2x.png"; sourceTree = "<group>"; };
		7218CFBD1DC0C4210020FE5E /* PPMoviePlayer.app */ = {isa = PBXFileReference; explicitFileType = wrapper.application; includeInIndex = 0; path = PPMoviePlayer.app; sourceTree = BUILT_PRODUCTS_DIR; };
		7218CFC11DC0C4210020FE5E /* main.m */ = {isa = PBXFileReference; lastKnownFileType = sourcecode.c.objc; path = main.m; sourceTree = "<group>"; };
		7218CFC31DC0C4210020FE5E /* AppDelegate.h */ = {isa = PBXFileReference; lastKnownFileType = sourcecode.c.h; path = AppDelegate.h; sourceTree = "<group>"; };
		7218CFC41DC0C4210020FE5E /* AppDelegate.m */ = {isa = PBXFileReference; lastKnownFileType = sourcecode.c.objc; path = AppDelegate.m; sourceTree = "<group>"; };
		7218CFC61DC0C4210020FE5E /* ViewController.h */ = {isa = PBXFileReference; lastKnownFileType = sourcecode.c.h; path = ViewController.h; sourceTree = "<group>"; };
		7218CFC71DC0C4210020FE5E /* ViewController.m */ = {isa = PBXFileReference; lastKnownFileType = sourcecode.c.objc; path = ViewController.m; sourceTree = "<group>"; };
		7218CFCA1DC0C4210020FE5E /* Base */ = {isa = PBXFileReference; lastKnownFileType = file.storyboard; name = Base; path = Base.lproj/Main.storyboard; sourceTree = "<group>"; };
		7218CFCC1DC0C4210020FE5E /* Assets.xcassets */ = {isa = PBXFileReference; lastKnownFileType = folder.assetcatalog; path = Assets.xcassets; sourceTree = "<group>"; };
		7218CFCF1DC0C4210020FE5E /* Base */ = {isa = PBXFileReference; lastKnownFileType = file.storyboard; name = Base; path = Base.lproj/LaunchScreen.storyboard; sourceTree = "<group>"; };
		7218CFD11DC0C4210020FE5E /* Info.plist */ = {isa = PBXFileReference; lastKnownFileType = text.plist.xml; path = Info.plist; sourceTree = "<group>"; };
		7218CFDB1DC0E7DF0020FE5E /* AVPlayerVC1.h */ = {isa = PBXFileReference; fileEncoding = 4; lastKnownFileType = sourcecode.c.h; path = AVPlayerVC1.h; sourceTree = "<group>"; };
		7218CFDC1DC0E7DF0020FE5E /* AVPlayerVC1.m */ = {isa = PBXFileReference; fileEncoding = 4; lastKnownFileType = sourcecode.c.objc; path = AVPlayerVC1.m; sourceTree = "<group>"; };
		7218CFDE1DC0E8E50020FE5E /* AVPlayerVC2.h */ = {isa = PBXFileReference; fileEncoding = 4; lastKnownFileType = sourcecode.c.h; path = AVPlayerVC2.h; sourceTree = "<group>"; };
		7218CFDF1DC0E8E50020FE5E /* AVPlayerVC2.m */ = {isa = PBXFileReference; fileEncoding = 4; lastKnownFileType = sourcecode.c.objc; path = AVPlayerVC2.m; sourceTree = "<group>"; };
		7218CFE51DC18F0B0020FE5E /* PPMoviePlayerView.h */ = {isa = PBXFileReference; fileEncoding = 4; lastKnownFileType = sourcecode.c.h; path = PPMoviePlayerView.h; sourceTree = "<group>"; };
		7218CFE61DC18F0B0020FE5E /* PPMoviePlayerView.m */ = {isa = PBXFileReference; fileEncoding = 4; lastKnownFileType = sourcecode.c.objc; path = PPMoviePlayerView.m; sourceTree = "<group>"; };
/* End PBXFileReference section */

/* Begin PBXFrameworksBuildPhase section */
		7218CFBA1DC0C4210020FE5E /* Frameworks */ = {
			isa = PBXFrameworksBuildPhase;
			buildActionMask = 2147483647;
			files = (
			);
			runOnlyForDeploymentPostprocessing = 0;
		};
/* End PBXFrameworksBuildPhase section */

/* Begin PBXGroup section */
		720EA0411DD4C01200D7E894 /* Images */ = {
			isa = PBXGroup;
			children = (
				720EA0421DD4C01200D7E894 /* Loading */,
				720EA04C1DD4C01200D7E894 /* PPKit_vp_back@2x.png */,
				720EA04D1DD4C01200D7E894 /* PPKit_vp_download@2x.png */,
				720EA04E1DD4C01200D7E894 /* PPKit_vp_fastforward@2x.png */,
				720EA04F1DD4C01200D7E894 /* PPKit_vp_favorite_empty@2x.png */,
				720EA0501DD4C01200D7E894 /* PPKit_vp_favorite_solid@2x.png */,
				720EA0511DD4C01200D7E894 /* PPKit_vp_fullscreen@2x.png */,
				720EA0521DD4C01200D7E894 /* PPKit_vp_list@2x.png */,
				720EA0531DD4C01200D7E894 /* PPKit_vp_logo@3x.png */,
				720EA0541DD4C01200D7E894 /* PPKit_vp_more@2x.png */,
				720EA0551DD4C01200D7E894 /* PPKit_vp_netfailed@3x.png */,
				720EA0561DD4C01200D7E894 /* PPKit_vp_netstalled@3x.png */,
				720EA0571DD4C01200D7E894 /* PPKit_vp_next@2x.png */,
				720EA0581DD4C01200D7E894 /* PPKit_vp_pause2@3x.png */,
				720EA0591DD4C01200D7E894 /* PPKit_vp_pause@2x.png */,
				720EA05A1DD4C01200D7E894 /* PPKit_vp_pause_big@2x.png */,
				720EA05B1DD4C01200D7E894 /* PPKit_vp_play2@3x.png */,
				720EA05C1DD4C01200D7E894 /* PPKit_vp_play@2x.png */,
				720EA05D1DD4C01200D7E894 /* PPKit_vp_play_big@2x.png */,
				720EA05E1DD4C01200D7E894 /* PPKit_vp_previous@2x.png */,
				720EA05F1DD4C01200D7E894 /* PPKit_vp_replay@2x.png */,
				720EA0601DD4C01200D7E894 /* PPKit_vp_rewind@2x.png */,
				720EA0611DD4C01200D7E894 /* PPKit_vp_share@2x.png */,
				720EA0621DD4C01200D7E894 /* PPKit_vp_slider2@2x.png */,
				720EA0631DD4C01200D7E894 /* PPKit_vp_slider@2x.png */,
				720EA0641DD4C01200D7E894 /* PPKit_vp_smallscreen@2x.png */,
				720EA0651DD4C01200D7E894 /* PPKit_vp_toTV@2x.png */,
			);
			path = Images;
			sourceTree = "<group>";
		};
		720EA0421DD4C01200D7E894 /* Loading */ = {
			isa = PBXGroup;
			children = (
				720EA0431DD4C01200D7E894 /* PPKit_vp_loading_0@3x.png */,
				720EA0441DD4C01200D7E894 /* PPKit_vp_loading_1@3x.png */,
				720EA0451DD4C01200D7E894 /* PPKit_vp_loading_2@3x.png */,
				720EA0461DD4C01200D7E894 /* PPKit_vp_loading_3@3x.png */,
				720EA0471DD4C01200D7E894 /* PPKit_vp_loading_4@3x.png */,
				720EA0481DD4C01200D7E894 /* PPKit_vp_loading_5@3x.png */,
				720EA0491DD4C01200D7E894 /* PPKit_vp_loading_6@3x.png */,
				720EA04A1DD4C01200D7E894 /* PPKit_vp_loading_7@3x.png */,
				720EA04B1DD4C01200D7E894 /* PPKit_vp_loading_8@3x.png */,
			);
			path = Loading;
			sourceTree = "<group>";
		};
		7218CFB41DC0C4210020FE5E = {
			isa = PBXGroup;
			children = (
				7218CFBF1DC0C4210020FE5E /* PPMoviePlayer */,
				7218CFBE1DC0C4210020FE5E /* Products */,
			);
			sourceTree = "<group>";
		};
		7218CFBE1DC0C4210020FE5E /* Products */ = {
			isa = PBXGroup;
			children = (
				7218CFBD1DC0C4210020FE5E /* PPMoviePlayer.app */,
			);
			name = Products;
			sourceTree = "<group>";
		};
		7218CFBF1DC0C4210020FE5E /* PPMoviePlayer */ = {
			isa = PBXGroup;
			children = (
				7218CFE11DC18ED60020FE5E /* PPMoviePlayer */,
				7218CFC31DC0C4210020FE5E /* AppDelegate.h */,
				7218CFC41DC0C4210020FE5E /* AppDelegate.m */,
				7218CFC61DC0C4210020FE5E /* ViewController.h */,
				7218CFC71DC0C4210020FE5E /* ViewController.m */,
				7218CFDB1DC0E7DF0020FE5E /* AVPlayerVC1.h */,
				7218CFDC1DC0E7DF0020FE5E /* AVPlayerVC1.m */,
				7218CFDE1DC0E8E50020FE5E /* AVPlayerVC2.h */,
				7218CFDF1DC0E8E50020FE5E /* AVPlayerVC2.m */,
				720721E41DC7C7E2005B3749 /* cdvideo.mp4 */,
				7218CFC91DC0C4210020FE5E /* Main.storyboard */,
				7218CFCC1DC0C4210020FE5E /* Assets.xcassets */,
				7218CFCE1DC0C4210020FE5E /* LaunchScreen.storyboard */,
				7218CFD11DC0C4210020FE5E /* Info.plist */,
				7218CFC01DC0C4210020FE5E /* Supporting Files */,
			);
			path = PPMoviePlayer;
			sourceTree = "<group>";
		};
		7218CFC01DC0C4210020FE5E /* Supporting Files */ = {
			isa = PBXGroup;
			children = (
				7218CFC11DC0C4210020FE5E /* main.m */,
			);
			name = "Supporting Files";
			sourceTree = "<group>";
		};
		7218CFE11DC18ED60020FE5E /* PPMoviePlayer */ = {
			isa = PBXGroup;
			children = (
				720EA0411DD4C01200D7E894 /* Images */,
				7218CFE51DC18F0B0020FE5E /* PPMoviePlayerView.h */,
				7218CFE61DC18F0B0020FE5E /* PPMoviePlayerView.m */,
			);
			path = PPMoviePlayer;
			sourceTree = "<group>";
		};
/* End PBXGroup section */

/* Begin PBXNativeTarget section */
		7218CFBC1DC0C4210020FE5E /* PPMoviePlayer */ = {
			isa = PBXNativeTarget;
			buildConfigurationList = 7218CFD41DC0C4210020FE5E /* Build configuration list for PBXNativeTarget "PPMoviePlayer" */;
			buildPhases = (
				7218CFB91DC0C4210020FE5E /* Sources */,
				7218CFBA1DC0C4210020FE5E /* Frameworks */,
				7218CFBB1DC0C4210020FE5E /* Resources */,
			);
			buildRules = (
			);
			dependencies = (
			);
			name = PPMoviePlayer;
			productName = PPMoviePlayer;
			productReference = 7218CFBD1DC0C4210020FE5E /* PPMoviePlayer.app */;
			productType = "com.apple.product-type.application";
		};
/* End PBXNativeTarget section */

/* Begin PBXProject section */
		7218CFB51DC0C4210020FE5E /* Project object */ = {
			isa = PBXProject;
			attributes = {
				LastUpgradeCheck = 0800;
				ORGANIZATIONNAME = chinadailyhk;
				TargetAttributes = {
					7218CFBC1DC0C4210020FE5E = {
						CreatedOnToolsVersion = 8.0;
						DevelopmentTeam = F9UAGF98L6;
						ProvisioningStyle = Automatic;
					};
				};
			};
			buildConfigurationList = 7218CFB81DC0C4210020FE5E /* Build configuration list for PBXProject "PPMoviePlayer" */;
			compatibilityVersion = "Xcode 3.2";
			developmentRegion = English;
			hasScannedForEncodings = 0;
			knownRegions = (
				en,
				Base,
			);
			mainGroup = 7218CFB41DC0C4210020FE5E;
			productRefGroup = 7218CFBE1DC0C4210020FE5E /* Products */;
			projectDirPath = "";
			projectRoot = "";
			targets = (
				7218CFBC1DC0C4210020FE5E /* PPMoviePlayer */,
			);
		};
/* End PBXProject section */

/* Begin PBXResourcesBuildPhase section */
		7218CFBB1DC0C4210020FE5E /* Resources */ = {
			isa = PBXResourcesBuildPhase;
			buildActionMask = 2147483647;
			files = (
				7218CFD01DC0C4210020FE5E /* LaunchScreen.storyboard in Resources */,
				720EA06B1DD4C01200D7E894 /* PPKit_vp_loading_5@3x.png in Resources */,
				720EA0801DD4C01300D7E894 /* PPKit_vp_play_big@2x.png in Resources */,
				720EA0761DD4C01300D7E894 /* PPKit_vp_logo@3x.png in Resources */,
				720EA0671DD4C01200D7E894 /* PPKit_vp_loading_1@3x.png in Resources */,
				720EA07B1DD4C01300D7E894 /* PPKit_vp_pause2@3x.png in Resources */,
				720EA07D1DD4C01300D7E894 /* PPKit_vp_pause_big@2x.png in Resources */,
				720EA0881DD4C01300D7E894 /* PPKit_vp_toTV@2x.png in Resources */,
				720EA07A1DD4C01300D7E894 /* PPKit_vp_next@2x.png in Resources */,
				720EA0731DD4C01300D7E894 /* PPKit_vp_favorite_solid@2x.png in Resources */,
				720EA0851DD4C01300D7E894 /* PPKit_vp_slider2@2x.png in Resources */,
				720EA0861DD4C01300D7E894 /* PPKit_vp_slider@2x.png in Resources */,
				720EA06E1DD4C01300D7E894 /* PPKit_vp_loading_8@3x.png in Resources */,
				720EA07F1DD4C01300D7E894 /* PPKit_vp_play@2x.png in Resources */,
				7218CFCD1DC0C4210020FE5E /* Assets.xcassets in Resources */,
				720EA06A1DD4C01200D7E894 /* PPKit_vp_loading_4@3x.png in Resources */,
				720EA0691DD4C01200D7E894 /* PPKit_vp_loading_3@3x.png in Resources */,
				720EA0711DD4C01300D7E894 /* PPKit_vp_fastforward@2x.png in Resources */,
				720EA0771DD4C01300D7E894 /* PPKit_vp_more@2x.png in Resources */,
				720EA0841DD4C01300D7E894 /* PPKit_vp_share@2x.png in Resources */,
				720EA0751DD4C01300D7E894 /* PPKit_vp_list@2x.png in Resources */,
				720EA0791DD4C01300D7E894 /* PPKit_vp_netstalled@3x.png in Resources */,
				720EA06C1DD4C01200D7E894 /* PPKit_vp_loading_6@3x.png in Resources */,
				720EA0661DD4C01200D7E894 /* PPKit_vp_loading_0@3x.png in Resources */,
				720EA0831DD4C01300D7E894 /* PPKit_vp_rewind@2x.png in Resources */,
				720EA0701DD4C01300D7E894 /* PPKit_vp_download@2x.png in Resources */,
				720EA0821DD4C01300D7E894 /* PPKit_vp_replay@2x.png in Resources */,
				720EA07E1DD4C01300D7E894 /* PPKit_vp_play2@3x.png in Resources */,
				720EA0681DD4C01200D7E894 /* PPKit_vp_loading_2@3x.png in Resources */,
				720EA06F1DD4C01300D7E894 /* PPKit_vp_back@2x.png in Resources */,
				7218CFCB1DC0C4210020FE5E /* Main.storyboard in Resources */,
				720EA07C1DD4C01300D7E894 /* PPKit_vp_pause@2x.png in Resources */,
				720721E51DC7C7E2005B3749 /* cdvideo.mp4 in Resources */,
				720EA0741DD4C01300D7E894 /* PPKit_vp_fullscreen@2x.png in Resources */,
				720EA0871DD4C01300D7E894 /* PPKit_vp_smallscreen@2x.png in Resources */,
				720EA0721DD4C01300D7E894 /* PPKit_vp_favorite_empty@2x.png in Resources */,
				720EA06D1DD4C01200D7E894 /* PPKit_vp_loading_7@3x.png in Resources */,
				720EA0811DD4C01300D7E894 /* PPKit_vp_previous@2x.png in Resources */,
				720EA0781DD4C01300D7E894 /* PPKit_vp_netfailed@3x.png in Resources */,
			);
			runOnlyForDeploymentPostprocessing = 0;
		};
/* End PBXResourcesBuildPhase section */

/* Begin PBXSourcesBuildPhase section */
		7218CFB91DC0C4210020FE5E /* Sources */ = {
			isa = PBXSourcesBuildPhase;
			buildActionMask = 2147483647;
			files = (
				7218CFC81DC0C4210020FE5E /* ViewController.m in Sources */,
				7218CFDD1DC0E7DF0020FE5E /* AVPlayerVC1.m in Sources */,
				7218CFC51DC0C4210020FE5E /* AppDelegate.m in Sources */,
				7218CFE71DC18F0B0020FE5E /* PPMoviePlayerView.m in Sources */,
				7218CFC21DC0C4210020FE5E /* main.m in Sources */,
				7218CFE01DC0E8E50020FE5E /* AVPlayerVC2.m in Sources */,
			);
			runOnlyForDeploymentPostprocessing = 0;
		};
/* End PBXSourcesBuildPhase section */

/* Begin PBXVariantGroup section */
		7218CFC91DC0C4210020FE5E /* Main.storyboard */ = {
			isa = PBXVariantGroup;
			children = (
				7218CFCA1DC0C4210020FE5E /* Base */,
			);
			name = Main.storyboard;
			sourceTree = "<group>";
		};
		7218CFCE1DC0C4210020FE5E /* LaunchScreen.storyboard */ = {
			isa = PBXVariantGroup;
			children = (
				7218CFCF1DC0C4210020FE5E /* Base */,
			);
			name = LaunchScreen.storyboard;
			sourceTree = "<group>";
		};
/* End PBXVariantGroup section */

/* Begin XCBuildConfiguration section */
		7218CFD21DC0C4210020FE5E /* Debug */ = {
			isa = XCBuildConfiguration;
			buildSettings = {
				ALWAYS_SEARCH_USER_PATHS = NO;
				CLANG_ANALYZER_NONNULL = YES;
				CLANG_CXX_LANGUAGE_STANDARD = "gnu++0x";
				CLANG_CXX_LIBRARY = "libc++";
				CLANG_ENABLE_MODULES = YES;
				CLANG_ENABLE_OBJC_ARC = YES;
				CLANG_WARN_BOOL_CONVERSION = YES;
				CLANG_WARN_CONSTANT_CONVERSION = YES;
				CLANG_WARN_DIRECT_OBJC_ISA_USAGE = YES_ERROR;
				CLANG_WARN_DOCUMENTATION_COMMENTS = YES;
				CLANG_WARN_EMPTY_BODY = YES;
				CLANG_WARN_ENUM_CONVERSION = YES;
				CLANG_WARN_INFINITE_RECURSION = YES;
				CLANG_WARN_INT_CONVERSION = YES;
				CLANG_WARN_OBJC_ROOT_CLASS = YES_ERROR;
				CLANG_WARN_SUSPICIOUS_MOVES = YES;
				CLANG_WARN_UNREACHABLE_CODE = YES;
				CLANG_WARN__DUPLICATE_METHOD_MATCH = YES;
				"CODE_SIGN_IDENTITY[sdk=iphoneos*]" = "iPhone Developer";
				COPY_PHASE_STRIP = NO;
				DEBUG_INFORMATION_FORMAT = dwarf;
				ENABLE_STRICT_OBJC_MSGSEND = YES;
				ENABLE_TESTABILITY = YES;
				GCC_C_LANGUAGE_STANDARD = gnu99;
				GCC_DYNAMIC_NO_PIC = NO;
				GCC_NO_COMMON_BLOCKS = YES;
				GCC_OPTIMIZATION_LEVEL = 0;
				GCC_PREPROCESSOR_DEFINITIONS = (
					"DEBUG=1",
					"$(inherited)",
				);
				GCC_WARN_64_TO_32_BIT_CONVERSION = YES;
				GCC_WARN_ABOUT_RETURN_TYPE = YES_ERROR;
				GCC_WARN_UNDECLARED_SELECTOR = YES;
				GCC_WARN_UNINITIALIZED_AUTOS = YES_AGGRESSIVE;
				GCC_WARN_UNUSED_FUNCTION = YES;
				GCC_WARN_UNUSED_VARIABLE = YES;
				IPHONEOS_DEPLOYMENT_TARGET = 10.0;
				MTL_ENABLE_DEBUG_INFO = YES;
				ONLY_ACTIVE_ARCH = YES;
				SDKROOT = iphoneos;
			};
			name = Debug;
		};
		7218CFD31DC0C4210020FE5E /* Release */ = {
			isa = XCBuildConfiguration;
			buildSettings = {
				ALWAYS_SEARCH_USER_PATHS = NO;
				CLANG_ANALYZER_NONNULL = YES;
				CLANG_CXX_LANGUAGE_STANDARD = "gnu++0x";
				CLANG_CXX_LIBRARY = "libc++";
				CLANG_ENABLE_MODULES = YES;
				CLANG_ENABLE_OBJC_ARC = YES;
				CLANG_WARN_BOOL_CONVERSION = YES;
				CLANG_WARN_CONSTANT_CONVERSION = YES;
				CLANG_WARN_DIRECT_OBJC_ISA_USAGE = YES_ERROR;
				CLANG_WARN_DOCUMENTATION_COMMENTS = YES;
				CLANG_WARN_EMPTY_BODY = YES;
				CLANG_WARN_ENUM_CONVERSION = YES;
				CLANG_WARN_INFINITE_RECURSION = YES;
				CLANG_WARN_INT_CONVERSION = YES;
				CLANG_WARN_OBJC_ROOT_CLASS = YES_ERROR;
				CLANG_WARN_SUSPICIOUS_MOVES = YES;
				CLANG_WARN_UNREACHABLE_CODE = YES;
				CLANG_WARN__DUPLICATE_METHOD_MATCH = YES;
				"CODE_SIGN_IDENTITY[sdk=iphoneos*]" = "iPhone Developer";
				COPY_PHASE_STRIP = NO;
				DEBUG_INFORMATION_FORMAT = "dwarf-with-dsym";
				ENABLE_NS_ASSERTIONS = NO;
				ENABLE_STRICT_OBJC_MSGSEND = YES;
				GCC_C_LANGUAGE_STANDARD = gnu99;
				GCC_NO_COMMON_BLOCKS = YES;
				GCC_WARN_64_TO_32_BIT_CONVERSION = YES;
				GCC_WARN_ABOUT_RETURN_TYPE = YES_ERROR;
				GCC_WARN_UNDECLARED_SELECTOR = YES;
				GCC_WARN_UNINITIALIZED_AUTOS = YES_AGGRESSIVE;
				GCC_WARN_UNUSED_FUNCTION = YES;
				GCC_WARN_UNUSED_VARIABLE = YES;
				IPHONEOS_DEPLOYMENT_TARGET = 10.0;
				MTL_ENABLE_DEBUG_INFO = NO;
				SDKROOT = iphoneos;
				VALIDATE_PRODUCT = YES;
			};
			name = Release;
		};
		7218CFD51DC0C4210020FE5E /* Debug */ = {
			isa = XCBuildConfiguration;
			buildSettings = {
				ASSETCATALOG_COMPILER_APPICON_NAME = AppIcon;
				DEVELOPMENT_TEAM = F9UAGF98L6;
				INFOPLIST_FILE = PPMoviePlayer/Info.plist;
				LD_RUNPATH_SEARCH_PATHS = "$(inherited) @executable_path/Frameworks";
				PRODUCT_BUNDLE_IDENTIFIER = com.chinadailyhk.PPMoviePlayer;
				PRODUCT_NAME = "$(TARGET_NAME)";
			};
			name = Debug;
		};
		7218CFD61DC0C4210020FE5E /* Release */ = {
			isa = XCBuildConfiguration;
			buildSettings = {
				ASSETCATALOG_COMPILER_APPICON_NAME = AppIcon;
				DEVELOPMENT_TEAM = F9UAGF98L6;
				INFOPLIST_FILE = PPMoviePlayer/Info.plist;
				LD_RUNPATH_SEARCH_PATHS = "$(inherited) @executable_path/Frameworks";
				PRODUCT_BUNDLE_IDENTIFIER = com.chinadailyhk.PPMoviePlayer;
				PRODUCT_NAME = "$(TARGET_NAME)";
			};
			name = Release;
		};
/* End XCBuildConfiguration section */

/* Begin XCConfigurationList section */
		7218CFB81DC0C4210020FE5E /* Build configuration list for PBXProject "PPMoviePlayer" */ = {
			isa = XCConfigurationList;
			buildConfigurations = (
				7218CFD21DC0C4210020FE5E /* Debug */,
				7218CFD31DC0C4210020FE5E /* Release */,
			);
			defaultConfigurationIsVisible = 0;
			defaultConfigurationName = Release;
		};
		7218CFD41DC0C4210020FE5E /* Build configuration list for PBXNativeTarget "PPMoviePlayer" */ = {
			isa = XCConfigurationList;
			buildConfigurations = (
				7218CFD51DC0C4210020FE5E /* Debug */,
				7218CFD61DC0C4210020FE5E /* Release */,
			);
			defaultConfigurationIsVisible = 0;
			defaultConfigurationName = Release;
		};
/* End XCConfigurationList section */
	};
	rootObject = 7218CFB51DC0C4210020FE5E /* Project object */;
}
